
Microsoft Visual Studio Solution File, Format Version 12.00
# Visual Studio 2013
VisualStudioVersion = 12.0.30501.0
MinimumVisualStudioVersion = 10.0.40219.1
Project("{F2A71F9B-5D33-465A-A702-920D77279786}") = "AzureFileSync", "AzureFileSync\AzureFileSync.fsproj", "{ECDCBB9B-169C-442D-8EAC-DD2F13A8FF05}"
EndProject
Global
	GlobalSection(SolutionConfigurationPlatforms) = preSolution
		Debug|Any CPU = Debug|Any CPU
		Release|Any CPU = Release|Any CPU
	EndGlobalSection
	GlobalSection(ProjectConfigurationPlatforms) = postSolution
		{ECDCBB9B-169C-442D-8EAC-DD2F13A8FF05}.Debug|Any CPU.ActiveCfg = Debug|Any CPU
		{ECDCBB9B-169C-442D-8EAC-DD2F13A8FF05}.Debug|Any CPU.Build.0 = Debug|Any CPU
		{ECDCBB9B-169C-442D-8EAC-DD2F13A8FF05}.Release|Any CPU.ActiveCfg = Release|Any CPU
		{ECDCBB9B-169C-442D-8EAC-DD2F13A8FF05}.Release|Any CPU.Build.0 = Release|Any CPU
	EndGlobalSection
	GlobalSection(SolutionProperties) = preSolution
		HideSolutionNode = FALSE
	EndGlobalSection
EndGlobal
